
Microsoft Visual Studio Solution File, Format Version 12.00
# Visual Studio Version 17
VisualStudioVersion = 17.7.34221.43
MinimumVisualStudioVersion = 10.0.40219.1
Project("{FAE04EC0-301F-11D3-BF4B-00C04F79EFBC}") = "crud5F", "crud5F\crud5F.csproj", "{59BF1979-C925-4EBD-A964-D7B3DCBC2B8E}"
EndProject
Global
	GlobalSection(SolutionConfigurationPlatforms) = preSolution
		Debug|Any CPU = Debug|Any CPU
		Release|Any CPU = Release|Any CPU
	EndGlobalSection
	GlobalSection(ProjectConfigurationPlatforms) = postSolution
		{59BF1979-C925-4EBD-A964-D7B3DCBC2B8E}.Debug|Any CPU.ActiveCfg = Debug|Any CPU
		{59BF1979-C925-4EBD-A964-D7B3DCBC2B8E}.Debug|Any CPU.Build.0 = Debug|Any CPU
		{59BF1979-C925-4EBD-A964-D7B3DCBC2B8E}.Release|Any CPU.ActiveCfg = Release|Any CPU
		{59BF1979-C925-4EBD-A964-D7B3DCBC2B8E}.Release|Any CPU.Build.0 = Release|Any CPU
	EndGlobalSection
	GlobalSection(SolutionProperties) = preSolution
		HideSolutionNode = FALSE
	EndGlobalSection
	GlobalSection(ExtensibilityGlobals) = postSolution
		SolutionGuid = {F882D1BC-89BE-4EE8-8777-C647255977D2}
	EndGlobalSection
EndGlobal
