
Microsoft Visual Studio Solution File, Format Version 12.00
# Visual Studio Version 17
VisualStudioVersion = 17.8.34330.188
MinimumVisualStudioVersion = 10.0.40219.1
Project("{FAE04EC0-301F-11D3-BF4B-00C04F79EFBC}") = "ToDo", "ToDo.csproj", "{7FF0DA53-D423-4742-9B94-0D7A9A12295C}"
EndProject
Global
	GlobalSection(SolutionConfigurationPlatforms) = preSolution
		Debug|Any CPU = Debug|Any CPU
		Release|Any CPU = Release|Any CPU
	EndGlobalSection
	GlobalSection(ProjectConfigurationPlatforms) = postSolution
		{7FF0DA53-D423-4742-9B94-0D7A9A12295C}.Debug|Any CPU.ActiveCfg = Debug|Any CPU
		{7FF0DA53-D423-4742-9B94-0D7A9A12295C}.Debug|Any CPU.Build.0 = Debug|Any CPU
		{7FF0DA53-D423-4742-9B94-0D7A9A12295C}.Debug|Any CPU.Deploy.0 = Debug|Any CPU
		{7FF0DA53-D423-4742-9B94-0D7A9A12295C}.Release|Any CPU.ActiveCfg = Release|Any CPU
		{7FF0DA53-D423-4742-9B94-0D7A9A12295C}.Release|Any CPU.Build.0 = Release|Any CPU
		{7FF0DA53-D423-4742-9B94-0D7A9A12295C}.Release|Any CPU.Deploy.0 = Release|Any CPU
	EndGlobalSection
	GlobalSection(SolutionProperties) = preSolution
		HideSolutionNode = FALSE
	EndGlobalSection
	GlobalSection(ExtensibilityGlobals) = postSolution
		SolutionGuid = {2C50D5FF-01AF-419C-B34B-260661F2A913}
	EndGlobalSection
EndGlobal
