
Microsoft Visual Studio Solution File, Format Version 12.00
# Visual Studio Version 17
VisualStudioVersion = 17.7.34024.191
MinimumVisualStudioVersion = 10.0.40219.1
Project("{FAE04EC0-301F-11D3-BF4B-00C04F79EFBC}") = "Blue_&_Red", "Blue_&_Red.csproj", "{AEFFDA72-342A-493C-812D-463F5A3B364E}"
EndProject
Global
	GlobalSection(SolutionConfigurationPlatforms) = preSolution
		Debug|Any CPU = Debug|Any CPU
		Release|Any CPU = Release|Any CPU
	EndGlobalSection
	GlobalSection(ProjectConfigurationPlatforms) = postSolution
		{AEFFDA72-342A-493C-812D-463F5A3B364E}.Debug|Any CPU.ActiveCfg = Debug|Any CPU
		{AEFFDA72-342A-493C-812D-463F5A3B364E}.Debug|Any CPU.Build.0 = Debug|Any CPU
		{AEFFDA72-342A-493C-812D-463F5A3B364E}.Release|Any CPU.ActiveCfg = Release|Any CPU
		{AEFFDA72-342A-493C-812D-463F5A3B364E}.Release|Any CPU.Build.0 = Release|Any CPU
	EndGlobalSection
	GlobalSection(SolutionProperties) = preSolution
		HideSolutionNode = FALSE
	EndGlobalSection
	GlobalSection(ExtensibilityGlobals) = postSolution
		SolutionGuid = {9D77D384-E97B-4AD7-9249-45F7C844288E}
	EndGlobalSection
EndGlobal
