
Microsoft Visual Studio Solution File, Format Version 12.00
# Visual Studio Version 17
VisualStudioVersion = 17.7.34221.43
MinimumVisualStudioVersion = 10.0.40219.1
Project("{FAE04EC0-301F-11D3-BF4B-00C04F79EFBC}") = "WolfAndSheep", "WolfAndSheep\WolfAndSheep.csproj", "{01D24F06-4071-4984-B737-FC911695D6AE}"
EndProject
Global
	GlobalSection(SolutionConfigurationPlatforms) = preSolution
		Debug|Any CPU = Debug|Any CPU
		Release|Any CPU = Release|Any CPU
	EndGlobalSection
	GlobalSection(ProjectConfigurationPlatforms) = postSolution
		{01D24F06-4071-4984-B737-FC911695D6AE}.Debug|Any CPU.ActiveCfg = Debug|Any CPU
		{01D24F06-4071-4984-B737-FC911695D6AE}.Debug|Any CPU.Build.0 = Debug|Any CPU
		{01D24F06-4071-4984-B737-FC911695D6AE}.Release|Any CPU.ActiveCfg = Release|Any CPU
		{01D24F06-4071-4984-B737-FC911695D6AE}.Release|Any CPU.Build.0 = Release|Any CPU
	EndGlobalSection
	GlobalSection(SolutionProperties) = preSolution
		HideSolutionNode = FALSE
	EndGlobalSection
	GlobalSection(ExtensibilityGlobals) = postSolution
		SolutionGuid = {051500CF-2066-4580-B051-360541C530B8}
	EndGlobalSection
EndGlobal
